// !$*UTF8*$!
{
	archiveVersion = 1;
	classes = {
	};
	objectVersion = 48;
	objects = {

/* Begin PBXBuildFile section */
		8C0EC68AC8A41B1653149592 /* Pods_Todo_List_MAPD714_Assignment2Tests.framework in Frameworks */ = {isa = PBXBuildFile; fileRef = 518137F3D337C11F11CC0AF6 /* Pods_Todo_List_MAPD714_Assignment2Tests.framework */; };
		E45F20011FFDF68B0001C427 /* Assets.xcassets in Resources */ = {isa = PBXBuildFile; fileRef = E45F20001FFDF68A0001C427 /* Assets.xcassets */; };
		E46E129B1FF43185001CCDAA /* DetailViewController.swift in Sources */ = {isa = PBXBuildFile; fileRef = E46E129A1FF43185001CCDAA /* DetailViewController.swift */; };
		E46E129D1FF43420001CCDAA /* TodoListTableViewCell.swift in Sources */ = {isa = PBXBuildFile; fileRef = E46E129C1FF43420001CCDAA /* TodoListTableViewCell.swift */; };
		E46E129F1FF59D59001CCDAA /* TodoList.swift in Sources */ = {isa = PBXBuildFile; fileRef = E46E129E1FF59D59001CCDAA /* TodoList.swift */; };
		E495793F1FF2138E00013BA5 /* AppDelegate.swift in Sources */ = {isa = PBXBuildFile; fileRef = E495793E1FF2138E00013BA5 /* AppDelegate.swift */; };
		E49579411FF2138E00013BA5 /* ViewController.swift in Sources */ = {isa = PBXBuildFile; fileRef = E49579401FF2138E00013BA5 /* ViewController.swift */; };
		E49579441FF2138E00013BA5 /* Main.storyboard in Resources */ = {isa = PBXBuildFile; fileRef = E49579421FF2138E00013BA5 /* Main.storyboard */; };
		E49579491FF2138E00013BA5 /* LaunchScreen.storyboard in Resources */ = {isa = PBXBuildFile; fileRef = E49579471FF2138E00013BA5 /* LaunchScreen.storyboard */; };
		E49579541FF2138E00013BA5 /* Todo_List_MAPD714_Assignment2Tests.swift in Sources */ = {isa = PBXBuildFile; fileRef = E49579531FF2138E00013BA5 /* Todo_List_MAPD714_Assignment2Tests.swift */; };
		E495795F1FF2145200013BA5 /* GoogleService-Info.plist in Resources */ = {isa = PBXBuildFile; fileRef = E495795E1FF2145200013BA5 /* GoogleService-Info.plist */; };
		FE87BBFBEF55E2A7A909B193 /* Pods_Todo_List_MAPD714_Assignment2.framework in Frameworks */ = {isa = PBXBuildFile; fileRef = 1F7D19409EF14B53F7576448 /* Pods_Todo_List_MAPD714_Assignment2.framework */; };
/* End PBXBuildFile section */

/* Begin PBXContainerItemProxy section */
		E49579501FF2138E00013BA5 /* PBXContainerItemProxy */ = {
			isa = PBXContainerItemProxy;
			containerPortal = E49579331FF2138E00013BA5 /* Project object */;
			proxyType = 1;
			remoteGlobalIDString = E495793A1FF2138E00013BA5;
			remoteInfo = Todo_List_MAPD714_Assignment2;
		};
/* End PBXContainerItemProxy section */

/* Begin PBXFileReference section */
		070D28FDB7049992028763F8 /* Pods-Todo_List_MAPD714_Assignment2Tests.release.xcconfig */ = {isa = PBXFileReference; includeInIndex = 1; lastKnownFileType = text.xcconfig; name = "Pods-Todo_List_MAPD714_Assignment2Tests.release.xcconfig"; path = "Pods/Target Support Files/Pods-Todo_List_MAPD714_Assignment2Tests/Pods-Todo_List_MAPD714_Assignment2Tests.release.xcconfig"; sourceTree = "<group>"; };
		1F7D19409EF14B53F7576448 /* Pods_Todo_List_MAPD714_Assignment2.framework */ = {isa = PBXFileReference; explicitFileType = wrapper.framework; includeInIndex = 0; path = Pods_Todo_List_MAPD714_Assignment2.framework; sourceTree = BUILT_PRODUCTS_DIR; };
		49ACC5E70220FBAF720DE88F /* Pods-Todo_List_MAPD714_Assignment2.release.xcconfig */ = {isa = PBXFileReference; includeInIndex = 1; lastKnownFileType = text.xcconfig; name = "Pods-Todo_List_MAPD714_Assignment2.release.xcconfig"; path = "Pods/Target Support Files/Pods-Todo_List_MAPD714_Assignment2/Pods-Todo_List_MAPD714_Assignment2.release.xcconfig"; sourceTree = "<group>"; };
		518137F3D337C11F11CC0AF6 /* Pods_Todo_List_MAPD714_Assignment2Tests.framework */ = {isa = PBXFileReference; explicitFileType = wrapper.framework; includeInIndex = 0; path = Pods_Todo_List_MAPD714_Assignment2Tests.framework; sourceTree = BUILT_PRODUCTS_DIR; };
		628D438F6A4F935916F48AE1 /* Pods-Todo_List_MAPD714_Assignment2.debug.xcconfig */ = {isa = PBXFileReference; includeInIndex = 1; lastKnownFileType = text.xcconfig; name = "Pods-Todo_List_MAPD714_Assignment2.debug.xcconfig"; path = "Pods/Target Support Files/Pods-Todo_List_MAPD714_Assignment2/Pods-Todo_List_MAPD714_Assignment2.debug.xcconfig"; sourceTree = "<group>"; };
		E45F20001FFDF68A0001C427 /* Assets.xcassets */ = {isa = PBXFileReference; lastKnownFileType = folder.assetcatalog; path = Assets.xcassets; sourceTree = "<group>"; };
		E46E129A1FF43185001CCDAA /* DetailViewController.swift */ = {isa = PBXFileReference; lastKnownFileType = sourcecode.swift; path = DetailViewController.swift; sourceTree = "<group>"; };
		E46E129C1FF43420001CCDAA /* TodoListTableViewCell.swift */ = {isa = PBXFileReference; lastKnownFileType = sourcecode.swift; path = TodoListTableViewCell.swift; sourceTree = "<group>"; };
		E46E129E1FF59D59001CCDAA /* TodoList.swift */ = {isa = PBXFileReference; lastKnownFileType = sourcecode.swift; path = TodoList.swift; sourceTree = "<group>"; };
		E495793B1FF2138E00013BA5 /* Todo_List_MAPD714_Assignment2.app */ = {isa = PBXFileReference; explicitFileType = wrapper.application; includeInIndex = 0; path = Todo_List_MAPD714_Assignment2.app; sourceTree = BUILT_PRODUCTS_DIR; };
		E495793E1FF2138E00013BA5 /* AppDelegate.swift */ = {isa = PBXFileReference; lastKnownFileType = sourcecode.swift; path = AppDelegate.swift; sourceTree = "<group>"; };
		E49579401FF2138E00013BA5 /* ViewController.swift */ = {isa = PBXFileReference; lastKnownFileType = sourcecode.swift; path = ViewController.swift; sourceTree = "<group>"; };
		E49579431FF2138E00013BA5 /* Base */ = {isa = PBXFileReference; lastKnownFileType = file.storyboard; name = Base; path = Base.lproj/Main.storyboard; sourceTree = "<group>"; };
		E49579481FF2138E00013BA5 /* Base */ = {isa = PBXFileReference; lastKnownFileType = file.storyboard; name = Base; path = Base.lproj/LaunchScreen.storyboard; sourceTree = "<group>"; };
		E495794A1FF2138E00013BA5 /* Info.plist */ = {isa = PBXFileReference; lastKnownFileType = text.plist.xml; path = Info.plist; sourceTree = "<group>"; };
		E495794F1FF2138E00013BA5 /* Todo_List_MAPD714_Assignment2Tests.xctest */ = {isa = PBXFileReference; explicitFileType = wrapper.cfbundle; includeInIndex = 0; path = Todo_List_MAPD714_Assignment2Tests.xctest; sourceTree = BUILT_PRODUCTS_DIR; };
		E49579531FF2138E00013BA5 /* Todo_List_MAPD714_Assignment2Tests.swift */ = {isa = PBXFileReference; lastKnownFileType = sourcecode.swift; path = Todo_List_MAPD714_Assignment2Tests.swift; sourceTree = "<group>"; };
		E49579551FF2138E00013BA5 /* Info.plist */ = {isa = PBXFileReference; lastKnownFileType = text.plist.xml; path = Info.plist; sourceTree = "<group>"; };
		E495795E1FF2145200013BA5 /* GoogleService-Info.plist */ = {isa = PBXFileReference; fileEncoding = 4; lastKnownFileType = text.plist.xml; path = "GoogleService-Info.plist"; sourceTree = "<group>"; };
		F173EC65119E149FF5C138AD /* Pods-Todo_List_MAPD714_Assignment2Tests.debug.xcconfig */ = {isa = PBXFileReference; includeInIndex = 1; lastKnownFileType = text.xcconfig; name = "Pods-Todo_List_MAPD714_Assignment2Tests.debug.xcconfig"; path = "Pods/Target Support Files/Pods-Todo_List_MAPD714_Assignment2Tests/Pods-Todo_List_MAPD714_Assignment2Tests.debug.xcconfig"; sourceTree = "<group>"; };
/* End PBXFileReference section */

/* Begin PBXFrameworksBuildPhase section */
		E49579381FF2138E00013BA5 /* Frameworks */ = {
			isa = PBXFrameworksBuildPhase;
			buildActionMask = 2147483647;
			files = (
				FE87BBFBEF55E2A7A909B193 /* Pods_Todo_List_MAPD714_Assignment2.framework in Frameworks */,
			);
			runOnlyForDeploymentPostprocessing = 0;
		};
		E495794C1FF2138E00013BA5 /* Frameworks */ = {
			isa = PBXFrameworksBuildPhase;
			buildActionMask = 2147483647;
			files = (
				8C0EC68AC8A41B1653149592 /* Pods_Todo_List_MAPD714_Assignment2Tests.framework in Frameworks */,
			);
			runOnlyForDeploymentPostprocessing = 0;
		};
/* End PBXFrameworksBuildPhase section */

/* Begin PBXGroup section */
		2C354F4E7B8D06A71CAA9410 /* Pods */ = {
			isa = PBXGroup;
			children = (
				628D438F6A4F935916F48AE1 /* Pods-Todo_List_MAPD714_Assignment2.debug.xcconfig */,
				49ACC5E70220FBAF720DE88F /* Pods-Todo_List_MAPD714_Assignment2.release.xcconfig */,
				F173EC65119E149FF5C138AD /* Pods-Todo_List_MAPD714_Assignment2Tests.debug.xcconfig */,
				070D28FDB7049992028763F8 /* Pods-Todo_List_MAPD714_Assignment2Tests.release.xcconfig */,
			);
			name = Pods;
			sourceTree = "<group>";
		};
		E02919863682D11CDECA05EA /* Frameworks */ = {
			isa = PBXGroup;
			children = (
				1F7D19409EF14B53F7576448 /* Pods_Todo_List_MAPD714_Assignment2.framework */,
				518137F3D337C11F11CC0AF6 /* Pods_Todo_List_MAPD714_Assignment2Tests.framework */,
			);
			name = Frameworks;
			sourceTree = "<group>";
		};
		E49579321FF2138E00013BA5 = {
			isa = PBXGroup;
			children = (
				E495793D1FF2138E00013BA5 /* Todo_List_MAPD714_Assignment2 */,
				E49579521FF2138E00013BA5 /* Todo_List_MAPD714_Assignment2Tests */,
				E495793C1FF2138E00013BA5 /* Products */,
				2C354F4E7B8D06A71CAA9410 /* Pods */,
				E02919863682D11CDECA05EA /* Frameworks */,
			);
			sourceTree = "<group>";
		};
		E495793C1FF2138E00013BA5 /* Products */ = {
			isa = PBXGroup;
			children = (
				E495793B1FF2138E00013BA5 /* Todo_List_MAPD714_Assignment2.app */,
				E495794F1FF2138E00013BA5 /* Todo_List_MAPD714_Assignment2Tests.xctest */,
			);
			name = Products;
			sourceTree = "<group>";
		};
		E495793D1FF2138E00013BA5 /* Todo_List_MAPD714_Assignment2 */ = {
			isa = PBXGroup;
			children = (
				E45F20001FFDF68A0001C427 /* Assets.xcassets */,
				E495793E1FF2138E00013BA5 /* AppDelegate.swift */,
				E49579401FF2138E00013BA5 /* ViewController.swift */,
				E49579421FF2138E00013BA5 /* Main.storyboard */,
				E49579471FF2138E00013BA5 /* LaunchScreen.storyboard */,
				E495794A1FF2138E00013BA5 /* Info.plist */,
				E495795E1FF2145200013BA5 /* GoogleService-Info.plist */,
				E46E129A1FF43185001CCDAA /* DetailViewController.swift */,
				E46E129C1FF43420001CCDAA /* TodoListTableViewCell.swift */,
				E46E129E1FF59D59001CCDAA /* TodoList.swift */,
			);
			path = Todo_List_MAPD714_Assignment2;
			sourceTree = "<group>";
		};
		E49579521FF2138E00013BA5 /* Todo_List_MAPD714_Assignment2Tests */ = {
			isa = PBXGroup;
			children = (
				E49579531FF2138E00013BA5 /* Todo_List_MAPD714_Assignment2Tests.swift */,
				E49579551FF2138E00013BA5 /* Info.plist */,
			);
			path = Todo_List_MAPD714_Assignment2Tests;
			sourceTree = "<group>";
		};
/* End PBXGroup section */

/* Begin PBXNativeTarget section */
		E495793A1FF2138E00013BA5 /* Todo_List_MAPD714_Assignment2 */ = {
			isa = PBXNativeTarget;
			buildConfigurationList = E49579581FF2138E00013BA5 /* Build configuration list for PBXNativeTarget "Todo_List_MAPD714_Assignment2" */;
			buildPhases = (
				E13C47E05055D5E7F1015E80 /* [CP] Check Pods Manifest.lock */,
				E49579371FF2138E00013BA5 /* Sources */,
				E49579381FF2138E00013BA5 /* Frameworks */,
				E49579391FF2138E00013BA5 /* Resources */,
				4F60DEC8DE847BA20BB94543 /* [CP] Embed Pods Frameworks */,
				92CA6922B5084EE6DE11B15F /* [CP] Copy Pods Resources */,
			);
			buildRules = (
			);
			dependencies = (
			);
			name = Todo_List_MAPD714_Assignment2;
			productName = Todo_List_MAPD714_Assignment2;
			productReference = E495793B1FF2138E00013BA5 /* Todo_List_MAPD714_Assignment2.app */;
			productType = "com.apple.product-type.application";
		};
		E495794E1FF2138E00013BA5 /* Todo_List_MAPD714_Assignment2Tests */ = {
			isa = PBXNativeTarget;
			buildConfigurationList = E495795B1FF2138E00013BA5 /* Build configuration list for PBXNativeTarget "Todo_List_MAPD714_Assignment2Tests" */;
			buildPhases = (
				6A4B3BCB3D5235B7DAF7C84C /* [CP] Check Pods Manifest.lock */,
				E495794B1FF2138E00013BA5 /* Sources */,
				E495794C1FF2138E00013BA5 /* Frameworks */,
				E495794D1FF2138E00013BA5 /* Resources */,
				C62291A9D13ABDC079A0860E /* [CP] Embed Pods Frameworks */,
				EA11162EFA292443E8C9607C /* [CP] Copy Pods Resources */,
			);
			buildRules = (
			);
			dependencies = (
				E49579511FF2138E00013BA5 /* PBXTargetDependency */,
			);
			name = Todo_List_MAPD714_Assignment2Tests;
			productName = Todo_List_MAPD714_Assignment2Tests;
			productReference = E495794F1FF2138E00013BA5 /* Todo_List_MAPD714_Assignment2Tests.xctest */;
			productType = "com.apple.product-type.bundle.unit-test";
		};
/* End PBXNativeTarget section */

/* Begin PBXProject section */
		E49579331FF2138E00013BA5 /* Project object */ = {
			isa = PBXProject;
			attributes = {
				LastSwiftUpdateCheck = 0910;
				LastUpgradeCheck = 0910;
				ORGANIZATIONNAME = "Centennial College";
				TargetAttributes = {
					E495793A1FF2138E00013BA5 = {
						CreatedOnToolsVersion = 9.1;
						ProvisioningStyle = Automatic;
					};
					E495794E1FF2138E00013BA5 = {
						CreatedOnToolsVersion = 9.1;
						ProvisioningStyle = Automatic;
						TestTargetID = E495793A1FF2138E00013BA5;
					};
				};
			};
			buildConfigurationList = E49579361FF2138E00013BA5 /* Build configuration list for PBXProject "Todo_List_MAPD714_Assignment2" */;
			compatibilityVersion = "Xcode 8.0";
			developmentRegion = en;
			hasScannedForEncodings = 0;
			knownRegions = (
				en,
				Base,
			);
			mainGroup = E49579321FF2138E00013BA5;
			productRefGroup = E495793C1FF2138E00013BA5 /* Products */;
			projectDirPath = "";
			projectRoot = "";
			targets = (
				E495793A1FF2138E00013BA5 /* Todo_List_MAPD714_Assignment2 */,
				E495794E1FF2138E00013BA5 /* Todo_List_MAPD714_Assignment2Tests */,
			);
		};
/* End PBXProject section */

/* Begin PBXResourcesBuildPhase section */
		E49579391FF2138E00013BA5 /* Resources */ = {
			isa = PBXResourcesBuildPhase;
			buildActionMask = 2147483647;
			files = (
				E49579491FF2138E00013BA5 /* LaunchScreen.storyboard in Resources */,
				E495795F1FF2145200013BA5 /* GoogleService-Info.plist in Resources */,
				E45F20011FFDF68B0001C427 /* Assets.xcassets in Resources */,
				E49579441FF2138E00013BA5 /* Main.storyboard in Resources */,
			);
			runOnlyForDeploymentPostprocessing = 0;
		};
		E495794D1FF2138E00013BA5 /* Resources */ = {
			isa = PBXResourcesBuildPhase;
			buildActionMask = 2147483647;
			files = (
			);
			runOnlyForDeploymentPostprocessing = 0;
		};
/* End PBXResourcesBuildPhase section */

/* Begin PBXShellScriptBuildPhase section */
		4F60DEC8DE847BA20BB94543 /* [CP] Embed Pods Frameworks */ = {
			isa = PBXShellScriptBuildPhase;
			buildActionMask = 2147483647;
			files = (
			);
			inputPaths = (
				"${SRCROOT}/Pods/Target Support Files/Pods-Todo_List_MAPD714_Assignment2/Pods-Todo_List_MAPD714_Assignment2-frameworks.sh",
				"${BUILT_PRODUCTS_DIR}/GoogleToolboxForMac/GoogleToolboxForMac.framework",
				"${BUILT_PRODUCTS_DIR}/leveldb-library/leveldb.framework",
				"${BUILT_PRODUCTS_DIR}/nanopb/nanopb.framework",
			);
			name = "[CP] Embed Pods Frameworks";
			outputPaths = (
				"${TARGET_BUILD_DIR}/${FRAMEWORKS_FOLDER_PATH}/GoogleToolboxForMac.framework",
				"${TARGET_BUILD_DIR}/${FRAMEWORKS_FOLDER_PATH}/leveldb.framework",
				"${TARGET_BUILD_DIR}/${FRAMEWORKS_FOLDER_PATH}/nanopb.framework",
			);
			runOnlyForDeploymentPostprocessing = 0;
			shellPath = /bin/sh;
			shellScript = "\"${SRCROOT}/Pods/Target Support Files/Pods-Todo_List_MAPD714_Assignment2/Pods-Todo_List_MAPD714_Assignment2-frameworks.sh\"\n";
			showEnvVarsInLog = 0;
		};
		6A4B3BCB3D5235B7DAF7C84C /* [CP] Check Pods Manifest.lock */ = {
			isa = PBXShellScriptBuildPhase;
			buildActionMask = 2147483647;
			files = (
			);
			inputPaths = (
				"${PODS_PODFILE_DIR_PATH}/Podfile.lock",
				"${PODS_ROOT}/Manifest.lock",
			);
			name = "[CP] Check Pods Manifest.lock";
			outputPaths = (
				"$(DERIVED_FILE_DIR)/Pods-Todo_List_MAPD714_Assignment2Tests-checkManifestLockResult.txt",
			);
			runOnlyForDeploymentPostprocessing = 0;
			shellPath = /bin/sh;
			shellScript = "diff \"${PODS_PODFILE_DIR_PATH}/Podfile.lock\" \"${PODS_ROOT}/Manifest.lock\" > /dev/null\nif [ $? != 0 ] ; then\n    # print error to STDERR\n    echo \"error: The sandbox is not in sync with the Podfile.lock. Run 'pod install' or update your CocoaPods installation.\" >&2\n    exit 1\nfi\n# This output is used by Xcode 'outputs' to avoid re-running this script phase.\necho \"SUCCESS\" > \"${SCRIPT_OUTPUT_FILE_0}\"\n";
			showEnvVarsInLog = 0;
		};
		92CA6922B5084EE6DE11B15F /* [CP] Copy Pods Resources */ = {
			isa = PBXShellScriptBuildPhase;
			buildActionMask = 2147483647;
			files = (
			);
			inputPaths = (
			);
			name = "[CP] Copy Pods Resources";
			outputPaths = (
			);
			runOnlyForDeploymentPostprocessing = 0;
			shellPath = /bin/sh;
			shellScript = "\"${SRCROOT}/Pods/Target Support Files/Pods-Todo_List_MAPD714_Assignment2/Pods-Todo_List_MAPD714_Assignment2-resources.sh\"\n";
			showEnvVarsInLog = 0;
		};
		C62291A9D13ABDC079A0860E /* [CP] Embed Pods Frameworks */ = {
			isa = PBXShellScriptBuildPhase;
			buildActionMask = 2147483647;
			files = (
			);
			inputPaths = (
			);
			name = "[CP] Embed Pods Frameworks";
			outputPaths = (
			);
			runOnlyForDeploymentPostprocessing = 0;
			shellPath = /bin/sh;
			shellScript = "\"${SRCROOT}/Pods/Target Support Files/Pods-Todo_List_MAPD714_Assignment2Tests/Pods-Todo_List_MAPD714_Assignment2Tests-frameworks.sh\"\n";
			showEnvVarsInLog = 0;
		};
		E13C47E05055D5E7F1015E80 /* [CP] Check Pods Manifest.lock */ = {
			isa = PBXShellScriptBuildPhase;
			buildActionMask = 2147483647;
			files = (
			);
			inputPaths = (
				"${PODS_PODFILE_DIR_PATH}/Podfile.lock",
				"${PODS_ROOT}/Manifest.lock",
			);
			name = "[CP] Check Pods Manifest.lock";
			outputPaths = (
				"$(DERIVED_FILE_DIR)/Pods-Todo_List_MAPD714_Assignment2-checkManifestLockResult.txt",
			);
			runOnlyForDeploymentPostprocessing = 0;
			shellPath = /bin/sh;
			shellScript = "diff \"${PODS_PODFILE_DIR_PATH}/Podfile.lock\" \"${PODS_ROOT}/Manifest.lock\" > /dev/null\nif [ $? != 0 ] ; then\n    # print error to STDERR\n    echo \"error: The sandbox is not in sync with the Podfile.lock. Run 'pod install' or update your CocoaPods installation.\" >&2\n    exit 1\nfi\n# This output is used by Xcode 'outputs' to avoid re-running this script phase.\necho \"SUCCESS\" > \"${SCRIPT_OUTPUT_FILE_0}\"\n";
			showEnvVarsInLog = 0;
		};
		EA11162EFA292443E8C9607C /* [CP] Copy Pods Resources */ = {
			isa = PBXShellScriptBuildPhase;
			buildActionMask = 2147483647;
			files = (
			);
			inputPaths = (
			);
			name = "[CP] Copy Pods Resources";
			outputPaths = (
			);
			runOnlyForDeploymentPostprocessing = 0;
			shellPath = /bin/sh;
			shellScript = "\"${SRCROOT}/Pods/Target Support Files/Pods-Todo_List_MAPD714_Assignment2Tests/Pods-Todo_List_MAPD714_Assignment2Tests-resources.sh\"\n";
			showEnvVarsInLog = 0;
		};
/* End PBXShellScriptBuildPhase section */

/* Begin PBXSourcesBuildPhase section */
		E49579371FF2138E00013BA5 /* Sources */ = {
			isa = PBXSourcesBuildPhase;
			buildActionMask = 2147483647;
			files = (
				E46E129F1FF59D59001CCDAA /* TodoList.swift in Sources */,
				E46E129B1FF43185001CCDAA /* DetailViewController.swift in Sources */,
				E49579411FF2138E00013BA5 /* ViewController.swift in Sources */,
				E495793F1FF2138E00013BA5 /* AppDelegate.swift in Sources */,
				E46E129D1FF43420001CCDAA /* TodoListTableViewCell.swift in Sources */,
			);
			runOnlyForDeploymentPostprocessing = 0;
		};
		E495794B1FF2138E00013BA5 /* Sources */ = {
			isa = PBXSourcesBuildPhase;
			buildActionMask = 2147483647;
			files = (
				E49579541FF2138E00013BA5 /* Todo_List_MAPD714_Assignment2Tests.swift in Sources */,
			);
			runOnlyForDeploymentPostprocessing = 0;
		};
/* End PBXSourcesBuildPhase section */

/* Begin PBXTargetDependency section */
		E49579511FF2138E00013BA5 /* PBXTargetDependency */ = {
			isa = PBXTargetDependency;
			target = E495793A1FF2138E00013BA5 /* Todo_List_MAPD714_Assignment2 */;
			targetProxy = E49579501FF2138E00013BA5 /* PBXContainerItemProxy */;
		};
/* End PBXTargetDependency section */

/* Begin PBXVariantGroup section */
		E49579421FF2138E00013BA5 /* Main.storyboard */ = {
			isa = PBXVariantGroup;
			children = (
				E49579431FF2138E00013BA5 /* Base */,
			);
			name = Main.storyboard;
			sourceTree = "<group>";
		};
		E49579471FF2138E00013BA5 /* LaunchScreen.storyboard */ = {
			isa = PBXVariantGroup;
			children = (
				E49579481FF2138E00013BA5 /* Base */,
			);
			name = LaunchScreen.storyboard;
			sourceTree = "<group>";
		};
/* End PBXVariantGroup section */

/* Begin XCBuildConfiguration section */
		E49579561FF2138E00013BA5 /* Debug */ = {
			isa = XCBuildConfiguration;
			buildSettings = {
				ALWAYS_SEARCH_USER_PATHS = NO;
				CLANG_ANALYZER_NONNULL = YES;
				CLANG_ANALYZER_NUMBER_OBJECT_CONVERSION = YES_AGGRESSIVE;
				CLANG_CXX_LANGUAGE_STANDARD = "gnu++14";
				CLANG_CXX_LIBRARY = "libc++";
				CLANG_ENABLE_MODULES = YES;
				CLANG_ENABLE_OBJC_ARC = YES;
				CLANG_WARN_BLOCK_CAPTURE_AUTORELEASING = YES;
				CLANG_WARN_BOOL_CONVERSION = YES;
				CLANG_WARN_COMMA = YES;
				CLANG_WARN_CONSTANT_CONVERSION = YES;
				CLANG_WARN_DIRECT_OBJC_ISA_USAGE = YES_ERROR;
				CLANG_WARN_DOCUMENTATION_COMMENTS = YES;
				CLANG_WARN_EMPTY_BODY = YES;
				CLANG_WARN_ENUM_CONVERSION = YES;
				CLANG_WARN_INFINITE_RECURSION = YES;
				CLANG_WARN_INT_CONVERSION = YES;
				CLANG_WARN_NON_LITERAL_NULL_CONVERSION = YES;
				CLANG_WARN_OBJC_LITERAL_CONVERSION = YES;
				CLANG_WARN_OBJC_ROOT_CLASS = YES_ERROR;
				CLANG_WARN_RANGE_LOOP_ANALYSIS = YES;
				CLANG_WARN_STRICT_PROTOTYPES = YES;
				CLANG_WARN_SUSPICIOUS_MOVE = YES;
				CLANG_WARN_UNGUARDED_AVAILABILITY = YES_AGGRESSIVE;
				CLANG_WARN_UNREACHABLE_CODE = YES;
				CLANG_WARN__DUPLICATE_METHOD_MATCH = YES;
				CODE_SIGN_IDENTITY = "iPhone Developer";
				COPY_PHASE_STRIP = NO;
				DEBUG_INFORMATION_FORMAT = dwarf;
				ENABLE_STRICT_OBJC_MSGSEND = YES;
				ENABLE_TESTABILITY = YES;
				GCC_C_LANGUAGE_STANDARD = gnu11;
				GCC_DYNAMIC_NO_PIC = NO;
				GCC_NO_COMMON_BLOCKS = YES;
				GCC_OPTIMIZATION_LEVEL = 0;
				GCC_PREPROCESSOR_DEFINITIONS = (
					"DEBUG=1",
					"$(inherited)",
				);
				GCC_WARN_64_TO_32_BIT_CONVERSION = YES;
				GCC_WARN_ABOUT_RETURN_TYPE = YES_ERROR;
				GCC_WARN_UNDECLARED_SELECTOR = YES;
				GCC_WARN_UNINITIALIZED_AUTOS = YES_AGGRESSIVE;
				GCC_WARN_UNUSED_FUNCTION = YES;
				GCC_WARN_UNUSED_VARIABLE = YES;
				IPHONEOS_DEPLOYMENT_TARGET = 11.1;
				MTL_ENABLE_DEBUG_INFO = YES;
				ONLY_ACTIVE_ARCH = YES;
				SDKROOT = iphoneos;
				SWIFT_ACTIVE_COMPILATION_CONDITIONS = DEBUG;
				SWIFT_OPTIMIZATION_LEVEL = "-Onone";
			};
			name = Debug;
		};
		E49579571FF2138E00013BA5 /* Release */ = {
			isa = XCBuildConfiguration;
			buildSettings = {
				ALWAYS_SEARCH_USER_PATHS = NO;
				CLANG_ANALYZER_NONNULL = YES;
				CLANG_ANALYZER_NUMBER_OBJECT_CONVERSION = YES_AGGRESSIVE;
				CLANG_CXX_LANGUAGE_STANDARD = "gnu++14";
				CLANG_CXX_LIBRARY = "libc++";
				CLANG_ENABLE_MODULES = YES;
				CLANG_ENABLE_OBJC_ARC = YES;
				CLANG_WARN_BLOCK_CAPTURE_AUTORELEASING = YES;
				CLANG_WARN_BOOL_CONVERSION = YES;
				CLANG_WARN_COMMA = YES;
				CLANG_WARN_CONSTANT_CONVERSION = YES;
				CLANG_WARN_DIRECT_OBJC_ISA_USAGE = YES_ERROR;
				CLANG_WARN_DOCUMENTATION_COMMENTS = YES;
				CLANG_WARN_EMPTY_BODY = YES;
				CLANG_WARN_ENUM_CONVERSION = YES;
				CLANG_WARN_INFINITE_RECURSION = YES;
				CLANG_WARN_INT_CONVERSION = YES;
				CLANG_WARN_NON_LITERAL_NULL_CONVERSION = YES;
				CLANG_WARN_OBJC_LITERAL_CONVERSION = YES;
				CLANG_WARN_OBJC_ROOT_CLASS = YES_ERROR;
				CLANG_WARN_RANGE_LOOP_ANALYSIS = YES;
				CLANG_WARN_STRICT_PROTOTYPES = YES;
				CLANG_WARN_SUSPICIOUS_MOVE = YES;
				CLANG_WARN_UNGUARDED_AVAILABILITY = YES_AGGRESSIVE;
				CLANG_WARN_UNREACHABLE_CODE = YES;
				CLANG_WARN__DUPLICATE_METHOD_MATCH = YES;
				CODE_SIGN_IDENTITY = "iPhone Developer";
				COPY_PHASE_STRIP = NO;
				DEBUG_INFORMATION_FORMAT = "dwarf-with-dsym";
				ENABLE_NS_ASSERTIONS = NO;
				ENABLE_STRICT_OBJC_MSGSEND = YES;
				GCC_C_LANGUAGE_STANDARD = gnu11;
				GCC_NO_COMMON_BLOCKS = YES;
				GCC_WARN_64_TO_32_BIT_CONVERSION = YES;
				GCC_WARN_ABOUT_RETURN_TYPE = YES_ERROR;
				GCC_WARN_UNDECLARED_SELECTOR = YES;
				GCC_WARN_UNINITIALIZED_AUTOS = YES_AGGRESSIVE;
				GCC_WARN_UNUSED_FUNCTION = YES;
				GCC_WARN_UNUSED_VARIABLE = YES;
				IPHONEOS_DEPLOYMENT_TARGET = 11.1;
				MTL_ENABLE_DEBUG_INFO = NO;
				SDKROOT = iphoneos;
				SWIFT_OPTIMIZATION_LEVEL = "-Owholemodule";
				VALIDATE_PRODUCT = YES;
			};
			name = Release;
		};
		E49579591FF2138E00013BA5 /* Debug */ = {
			isa = XCBuildConfiguration;
			baseConfigurationReference = 628D438F6A4F935916F48AE1 /* Pods-Todo_List_MAPD714_Assignment2.debug.xcconfig */;
			buildSettings = {
				ASSETCATALOG_COMPILER_APPICON_NAME = AppIcon;
				CODE_SIGN_STYLE = Automatic;
				DEVELOPMENT_TEAM = 2BULHRS882;
				INFOPLIST_FILE = Todo_List_MAPD714_Assignment2/Info.plist;
				LD_RUNPATH_SEARCH_PATHS = "$(inherited) @executable_path/Frameworks";
				PRODUCT_BUNDLE_IDENTIFIER = "ca.centennialcollege.Todo-List-MAPD714-Assignment2";
				PRODUCT_NAME = "$(TARGET_NAME)";
				SWIFT_VERSION = 4.0;
				TARGETED_DEVICE_FAMILY = "1,2";
			};
			name = Debug;
		};
		E495795A1FF2138E00013BA5 /* Release */ = {
			isa = XCBuildConfiguration;
			baseConfigurationReference = 49ACC5E70220FBAF720DE88F /* Pods-Todo_List_MAPD714_Assignment2.release.xcconfig */;
			buildSettings = {
				ASSETCATALOG_COMPILER_APPICON_NAME = AppIcon;
				CODE_SIGN_STYLE = Automatic;
				DEVELOPMENT_TEAM = 2BULHRS882;
				INFOPLIST_FILE = Todo_List_MAPD714_Assignment2/Info.plist;
				LD_RUNPATH_SEARCH_PATHS = "$(inherited) @executable_path/Frameworks";
				PRODUCT_BUNDLE_IDENTIFIER = "ca.centennialcollege.Todo-List-MAPD714-Assignment2";
				PRODUCT_NAME = "$(TARGET_NAME)";
				SWIFT_VERSION = 4.0;
				TARGETED_DEVICE_FAMILY = "1,2";
			};
			name = Release;
		};
		E495795C1FF2138E00013BA5 /* Debug */ = {
			isa = XCBuildConfiguration;
			baseConfigurationReference = F173EC65119E149FF5C138AD /* Pods-Todo_List_MAPD714_Assignment2Tests.debug.xcconfig */;
			buildSettings = {
				ALWAYS_EMBED_SWIFT_STANDARD_LIBRARIES = YES;
				BUNDLE_LOADER = "$(TEST_HOST)";
				CODE_SIGN_STYLE = Automatic;
				DEVELOPMENT_TEAM = 2BULHRS882;
				INFOPLIST_FILE = Todo_List_MAPD714_Assignment2Tests/Info.plist;
				LD_RUNPATH_SEARCH_PATHS = "$(inherited) @executable_path/Frameworks @loader_path/Frameworks";
				PRODUCT_BUNDLE_IDENTIFIER = "ca.centennialcollege.Todo-List-MAPD714-Assignment2Tests";
				PRODUCT_NAME = "$(TARGET_NAME)";
				SWIFT_VERSION = 4.0;
				TARGETED_DEVICE_FAMILY = "1,2";
				TEST_HOST = "$(BUILT_PRODUCTS_DIR)/Todo_List_MAPD714_Assignment2.app/Todo_List_MAPD714_Assignment2";
			};
			name = Debug;
		};
		E495795D1FF2138E00013BA5 /* Release */ = {
			isa = XCBuildConfiguration;
			baseConfigurationReference = 070D28FDB7049992028763F8 /* Pods-Todo_List_MAPD714_Assignment2Tests.release.xcconfig */;
			buildSettings = {
				ALWAYS_EMBED_SWIFT_STANDARD_LIBRARIES = YES;
				BUNDLE_LOADER = "$(TEST_HOST)";
				CODE_SIGN_STYLE = Automatic;
				DEVELOPMENT_TEAM = 2BULHRS882;
				INFOPLIST_FILE = Todo_List_MAPD714_Assignment2Tests/Info.plist;
				LD_RUNPATH_SEARCH_PATHS = "$(inherited) @executable_path/Frameworks @loader_path/Frameworks";
				PRODUCT_BUNDLE_IDENTIFIER = "ca.centennialcollege.Todo-List-MAPD714-Assignment2Tests";
				PRODUCT_NAME = "$(TARGET_NAME)";
				SWIFT_VERSION = 4.0;
				TARGETED_DEVICE_FAMILY = "1,2";
				TEST_HOST = "$(BUILT_PRODUCTS_DIR)/Todo_List_MAPD714_Assignment2.app/Todo_List_MAPD714_Assignment2";
			};
			name = Release;
		};
/* End XCBuildConfiguration section */

/* Begin XCConfigurationList section */
		E49579361FF2138E00013BA5 /* Build configuration list for PBXProject "Todo_List_MAPD714_Assignment2" */ = {
			isa = XCConfigurationList;
			buildConfigurations = (
				E49579561FF2138E00013BA5 /* Debug */,
				E49579571FF2138E00013BA5 /* Release */,
			);
			defaultConfigurationIsVisible = 0;
			defaultConfigurationName = Release;
		};
		E49579581FF2138E00013BA5 /* Build configuration list for PBXNativeTarget "Todo_List_MAPD714_Assignment2" */ = {
			isa = XCConfigurationList;
			buildConfigurations = (
				E49579591FF2138E00013BA5 /* Debug */,
				E495795A1FF2138E00013BA5 /* Release */,
			);
			defaultConfigurationIsVisible = 0;
			defaultConfigurationName = Release;
		};
		E495795B1FF2138E00013BA5 /* Build configuration list for PBXNativeTarget "Todo_List_MAPD714_Assignment2Tests" */ = {
			isa = XCConfigurationList;
			buildConfigurations = (
				E495795C1FF2138E00013BA5 /* Debug */,
				E495795D1FF2138E00013BA5 /* Release */,
			);
			defaultConfigurationIsVisible = 0;
			defaultConfigurationName = Release;
		};
/* End XCConfigurationList section */
	};
	rootObject = E49579331FF2138E00013BA5 /* Project object */;
}
